// !$*UTF8*$!
{
	archiveVersion = 1;
	classes = {
	};
	objectVersion = 46;
	objects = {

/* Begin PBXBuildFile section */
		17EEB9611A18063200CB7DEC /* Firebase.framework in Frameworks */ = {isa = PBXBuildFile; fileRef = 17EEB9601A18063200CB7DEC /* Firebase.framework */; };
		17EEB9631A1806A700CB7DEC /* Security.framework in Frameworks */ = {isa = PBXBuildFile; fileRef = 17EEB9621A1806A700CB7DEC /* Security.framework */; };
		17EEB9651A1806B500CB7DEC /* libicucore.dylib in Frameworks */ = {isa = PBXBuildFile; fileRef = 17EEB9641A1806B500CB7DEC /* libicucore.dylib */; };
		17EEB9671A1806BF00CB7DEC /* libc++.dylib in Frameworks */ = {isa = PBXBuildFile; fileRef = 17EEB9661A1806BF00CB7DEC /* libc++.dylib */; };
		17EEB9691A1806F300CB7DEC /* CFNetwork.framework in Frameworks */ = {isa = PBXBuildFile; fileRef = 17EEB9681A1806F300CB7DEC /* CFNetwork.framework */; };
		17EEB96B1A18070100CB7DEC /* SystemConfiguration.framework in Frameworks */ = {isa = PBXBuildFile; fileRef = 17EEB96A1A18070100CB7DEC /* SystemConfiguration.framework */; };
		17EEB96D1A18745700CB7DEC /* firebaseFunc.m in Sources */ = {isa = PBXBuildFile; fileRef = 17EEB96C1A18745700CB7DEC /* firebaseFunc.m */; };
		17EEB9701A18767F00CB7DEC /* SellViewController.m in Sources */ = {isa = PBXBuildFile; fileRef = 17EEB96F1A18767F00CB7DEC /* SellViewController.m */; };
		DF13803D1A180D2A0057522A /* README.md in Sources */ = {isa = PBXBuildFile; fileRef = DF13803C1A180D2A0057522A /* README.md */; };
		DF1380401A1819CE0057522A /* BuyViewController.m in Sources */ = {isa = PBXBuildFile; fileRef = DF13803F1A1819CE0057522A /* BuyViewController.m */; };
		DF1380421A182C710057522A /* Buyer.m in Sources */ = {isa = PBXBuildFile; fileRef = DF1380411A182C710057522A /* Buyer.m */; };
		DF1380461A1834A70057522A /* Seller.m in Sources */ = {isa = PBXBuildFile; fileRef = DF1380451A1834A70057522A /* Seller.m */; };
		DF13804C1A1837540057522A /* Market.m in Sources */ = {isa = PBXBuildFile; fileRef = DF13804B1A1837540057522A /* Market.m */; };
		DF1380521A184A780057522A /* GoogleMaps.framework in Frameworks */ = {isa = PBXBuildFile; fileRef = DF1380511A184A780057522A /* GoogleMaps.framework */; };
		DF1380541A184AB30057522A /* GoogleMaps.bundle in Resources */ = {isa = PBXBuildFile; fileRef = DF1380531A184AB30057522A /* GoogleMaps.bundle */; };
		DF1380561A184BA90057522A /* AVFoundation.framework in Frameworks */ = {isa = PBXBuildFile; fileRef = DF1380551A184BA90057522A /* AVFoundation.framework */; };
		DF1380581A184BB00057522A /* CoreData.framework in Frameworks */ = {isa = PBXBuildFile; fileRef = DF1380571A184BB00057522A /* CoreData.framework */; };
		DF13805A1A184BB50057522A /* CoreLocation.framework in Frameworks */ = {isa = PBXBuildFile; fileRef = DF1380591A184BB50057522A /* CoreLocation.framework */; };
		DF13805C1A184BBB0057522A /* CoreText.framework in Frameworks */ = {isa = PBXBuildFile; fileRef = DF13805B1A184BBB0057522A /* CoreText.framework */; };
		DF13805E1A184BC20057522A /* GLKit.framework in Frameworks */ = {isa = PBXBuildFile; fileRef = DF13805D1A184BC20057522A /* GLKit.framework */; };
		DF1380601A184BC80057522A /* ImageIO.framework in Frameworks */ = {isa = PBXBuildFile; fileRef = DF13805F1A184BC80057522A /* ImageIO.framework */; };
		DF1380621A184BE00057522A /* libz.dylib in Frameworks */ = {isa = PBXBuildFile; fileRef = DF1380611A184BE00057522A /* libz.dylib */; };
		DF1380641A184BE90057522A /* OpenGLES.framework in Frameworks */ = {isa = PBXBuildFile; fileRef = DF1380631A184BE90057522A /* OpenGLES.framework */; };
		DF1380661A184BEF0057522A /* QuartzCore.framework in Frameworks */ = {isa = PBXBuildFile; fileRef = DF1380651A184BEF0057522A /* QuartzCore.framework */; };
		DF13806B1A185C650057522A /* MapKit.framework in Frameworks */ = {isa = PBXBuildFile; fileRef = DF13806A1A185C650057522A /* MapKit.framework */; };
		DF13806F1A188C0D0057522A /* BuyIntermediateViewController.m in Sources */ = {isa = PBXBuildFile; fileRef = DF13806E1A188C0D0057522A /* BuyIntermediateViewController.m */; };
		DF1380721A188C250057522A /* SellIntermediateViewController.m in Sources */ = {isa = PBXBuildFile; fileRef = DF1380711A188C250057522A /* SellIntermediateViewController.m */; };
		DF1380741A189F570057522A /* Main.storyboard in Resources */ = {isa = PBXBuildFile; fileRef = DF1380731A189F570057522A /* Main.storyboard */; };
		DF13807E1A18A1F60057522A /* bg-fp.jpg in Resources */ = {isa = PBXBuildFile; fileRef = DF1380761A18A1F60057522A /* bg-fp.jpg */; };
		DF13807F1A18A1F60057522A /* buy-btn.png in Resources */ = {isa = PBXBuildFile; fileRef = DF1380771A18A1F60057522A /* buy-btn.png */; };
		DF1380801A18A1F60057522A /* car-btn.png in Resources */ = {isa = PBXBuildFile; fileRef = DF1380781A18A1F60057522A /* car-btn.png */; };
		DF1380811A18A1F60057522A /* guy-bg.png in Resources */ = {isa = PBXBuildFile; fileRef = DF1380791A18A1F60057522A /* guy-bg.png */; };
		DF1380821A18A1F60057522A /* header-pf.png in Resources */ = {isa = PBXBuildFile; fileRef = DF13807A1A18A1F60057522A /* header-pf.png */; };
		DF1380831A18A1F60057522A /* sell-btn.png in Resources */ = {isa = PBXBuildFile; fileRef = DF13807B1A18A1F60057522A /* sell-btn.png */; };
		DF1380841A18A1F60057522A /* walking-btn.png in Resources */ = {isa = PBXBuildFile; fileRef = DF13807C1A18A1F60057522A /* walking-btn.png */; };
		DF1380851A18A1F60057522A /* wood-pf.png in Resources */ = {isa = PBXBuildFile; fileRef = DF13807D1A18A1F60057522A /* wood-pf.png */; };
		DF1380871A18B5340057522A /* search-btn.png in Resources */ = {isa = PBXBuildFile; fileRef = DF1380861A18B5340057522A /* search-btn.png */; };
		DF1380891A18B5370057522A /* icon-green.png in Resources */ = {isa = PBXBuildFile; fileRef = DF1380881A18B5370057522A /* icon-green.png */; };
		DF13808B1A18B53B0057522A /* icon-blue.png in Resources */ = {isa = PBXBuildFile; fileRef = DF13808A1A18B53B0057522A /* icon-blue.png */; };
		DF13808E1A18CF9D0057522A /* ConfirmationViewController.m in Sources */ = {isa = PBXBuildFile; fileRef = DF13808D1A18CF9D0057522A /* ConfirmationViewController.m */; };
		DF1380901A18D7970057522A /* confirmbutton.png in Resources */ = {isa = PBXBuildFile; fileRef = DF13808F1A18D7970057522A /* confirmbutton.png */; };
		DF5F6BC81A17ED8B006E5CA6 /* main.m in Sources */ = {isa = PBXBuildFile; fileRef = DF5F6BC71A17ED8B006E5CA6 /* main.m */; };
		DF5F6BCB1A17ED8B006E5CA6 /* AppDelegate.m in Sources */ = {isa = PBXBuildFile; fileRef = DF5F6BCA1A17ED8B006E5CA6 /* AppDelegate.m */; };
		DF5F6BCE1A17ED8B006E5CA6 /* ViewController.m in Sources */ = {isa = PBXBuildFile; fileRef = DF5F6BCD1A17ED8B006E5CA6 /* ViewController.m */; };
		DF5F6BD31A17ED8B006E5CA6 /* Images.xcassets in Resources */ = {isa = PBXBuildFile; fileRef = DF5F6BD21A17ED8B006E5CA6 /* Images.xcassets */; };
		DF5F6BD61A17ED8B006E5CA6 /* LaunchScreen.xib in Resources */ = {isa = PBXBuildFile; fileRef = DF5F6BD41A17ED8B006E5CA6 /* LaunchScreen.xib */; };
		DF5F6BE21A17ED8B006E5CA6 /* FoodPointTests.m in Sources */ = {isa = PBXBuildFile; fileRef = DF5F6BE11A17ED8B006E5CA6 /* FoodPointTests.m */; };
/* End PBXBuildFile section */

/* Begin PBXContainerItemProxy section */
		DF5F6BDC1A17ED8B006E5CA6 /* PBXContainerItemProxy */ = {
			isa = PBXContainerItemProxy;
			containerPortal = DF5F6BBA1A17ED8B006E5CA6 /* Project object */;
			proxyType = 1;
			remoteGlobalIDString = DF5F6BC11A17ED8B006E5CA6;
			remoteInfo = FoodPoint;
		};
/* End PBXContainerItemProxy section */

/* Begin PBXFileReference section */
		17EEB9601A18063200CB7DEC /* Firebase.framework */ = {isa = PBXFileReference; lastKnownFileType = wrapper.framework; path = Firebase.framework; sourceTree = "<group>"; };
		17EEB9621A1806A700CB7DEC /* Security.framework */ = {isa = PBXFileReference; lastKnownFileType = wrapper.framework; name = Security.framework; path = System/Library/Frameworks/Security.framework; sourceTree = SDKROOT; };
		17EEB9641A1806B500CB7DEC /* libicucore.dylib */ = {isa = PBXFileReference; lastKnownFileType = "compiled.mach-o.dylib"; name = libicucore.dylib; path = usr/lib/libicucore.dylib; sourceTree = SDKROOT; };
		17EEB9661A1806BF00CB7DEC /* libc++.dylib */ = {isa = PBXFileReference; lastKnownFileType = "compiled.mach-o.dylib"; name = "libc++.dylib"; path = "usr/lib/libc++.dylib"; sourceTree = SDKROOT; };
		17EEB9681A1806F300CB7DEC /* CFNetwork.framework */ = {isa = PBXFileReference; lastKnownFileType = wrapper.framework; name = CFNetwork.framework; path = System/Library/Frameworks/CFNetwork.framework; sourceTree = SDKROOT; };
		17EEB96A1A18070100CB7DEC /* SystemConfiguration.framework */ = {isa = PBXFileReference; lastKnownFileType = wrapper.framework; name = SystemConfiguration.framework; path = System/Library/Frameworks/SystemConfiguration.framework; sourceTree = SDKROOT; };
		17EEB96C1A18745700CB7DEC /* firebaseFunc.m */ = {isa = PBXFileReference; fileEncoding = 4; lastKnownFileType = sourcecode.c.objc; path = firebaseFunc.m; sourceTree = "<group>"; };
		17EEB96E1A18767F00CB7DEC /* SellViewController.h */ = {isa = PBXFileReference; fileEncoding = 4; lastKnownFileType = sourcecode.c.h; name = SellViewController.h; path = ../SellViewController.h; sourceTree = "<group>"; };
		17EEB96F1A18767F00CB7DEC /* SellViewController.m */ = {isa = PBXFileReference; fileEncoding = 4; lastKnownFileType = sourcecode.c.objc; name = SellViewController.m; path = ../SellViewController.m; sourceTree = "<group>"; };
		DF13803C1A180D2A0057522A /* README.md */ = {isa = PBXFileReference; fileEncoding = 4; lastKnownFileType = net.daringfireball.markdown; name = README.md; path = ../README.md; sourceTree = "<group>"; };
		DF13803E1A1819CE0057522A /* BuyViewController.h */ = {isa = PBXFileReference; fileEncoding = 4; lastKnownFileType = sourcecode.c.h; name = BuyViewController.h; path = ../BuyViewController.h; sourceTree = "<group>"; };
		DF13803F1A1819CE0057522A /* BuyViewController.m */ = {isa = PBXFileReference; fileEncoding = 4; lastKnownFileType = sourcecode.c.objc; name = BuyViewController.m; path = ../BuyViewController.m; sourceTree = "<group>"; };
		DF1380411A182C710057522A /* Buyer.m */ = {isa = PBXFileReference; fileEncoding = 4; lastKnownFileType = sourcecode.c.objc; name = Buyer.m; path = ../Buyer.m; sourceTree = "<group>"; };
		DF1380431A1833F70057522A /* Buyer.h */ = {isa = PBXFileReference; lastKnownFileType = sourcecode.c.h; name = Buyer.h; path = ../Buyer.h; sourceTree = "<group>"; };
		DF1380441A1834A70057522A /* Seller.h */ = {isa = PBXFileReference; fileEncoding = 4; lastKnownFileType = sourcecode.c.h; name = Seller.h; path = ../Seller.h; sourceTree = "<group>"; };
		DF1380451A1834A70057522A /* Seller.m */ = {isa = PBXFileReference; fileEncoding = 4; lastKnownFileType = sourcecode.c.objc; name = Seller.m; path = ../Seller.m; sourceTree = "<group>"; };
		DF13804A1A1837540057522A /* Market.h */ = {isa = PBXFileReference; fileEncoding = 4; lastKnownFileType = sourcecode.c.h; name = Market.h; path = ../Market.h; sourceTree = "<group>"; };
		DF13804B1A1837540057522A /* Market.m */ = {isa = PBXFileReference; fileEncoding = 4; lastKnownFileType = sourcecode.c.objc; name = Market.m; path = ../Market.m; sourceTree = "<group>"; };
		DF1380511A184A780057522A /* GoogleMaps.framework */ = {isa = PBXFileReference; lastKnownFileType = wrapper.framework; path = GoogleMaps.framework; sourceTree = "<group>"; };
		DF1380531A184AB30057522A /* GoogleMaps.bundle */ = {isa = PBXFileReference; lastKnownFileType = "wrapper.plug-in"; name = GoogleMaps.bundle; path = GoogleMaps.framework/Versions/A/Resources/GoogleMaps.bundle; sourceTree = "<group>"; };
		DF1380551A184BA90057522A /* AVFoundation.framework */ = {isa = PBXFileReference; lastKnownFileType = wrapper.framework; name = AVFoundation.framework; path = System/Library/Frameworks/AVFoundation.framework; sourceTree = SDKROOT; };
		DF1380571A184BB00057522A /* CoreData.framework */ = {isa = PBXFileReference; lastKnownFileType = wrapper.framework; name = CoreData.framework; path = System/Library/Frameworks/CoreData.framework; sourceTree = SDKROOT; };
		DF1380591A184BB50057522A /* CoreLocation.framework */ = {isa = PBXFileReference; lastKnownFileType = wrapper.framework; name = CoreLocation.framework; path = System/Library/Frameworks/CoreLocation.framework; sourceTree = SDKROOT; };
		DF13805B1A184BBB0057522A /* CoreText.framework */ = {isa = PBXFileReference; lastKnownFileType = wrapper.framework; name = CoreText.framework; path = System/Library/Frameworks/CoreText.framework; sourceTree = SDKROOT; };
		DF13805D1A184BC20057522A /* GLKit.framework */ = {isa = PBXFileReference; lastKnownFileType = wrapper.framework; name = GLKit.framework; path = System/Library/Frameworks/GLKit.framework; sourceTree = SDKROOT; };
		DF13805F1A184BC80057522A /* ImageIO.framework */ = {isa = PBXFileReference; lastKnownFileType = wrapper.framework; name = ImageIO.framework; path = System/Library/Frameworks/ImageIO.framework; sourceTree = SDKROOT; };
		DF1380611A184BE00057522A /* libz.dylib */ = {isa = PBXFileReference; lastKnownFileType = "compiled.mach-o.dylib"; name = libz.dylib; path = usr/lib/libz.dylib; sourceTree = SDKROOT; };
		DF1380631A184BE90057522A /* OpenGLES.framework */ = {isa = PBXFileReference; lastKnownFileType = wrapper.framework; name = OpenGLES.framework; path = System/Library/Frameworks/OpenGLES.framework; sourceTree = SDKROOT; };
		DF1380651A184BEF0057522A /* QuartzCore.framework */ = {isa = PBXFileReference; lastKnownFileType = wrapper.framework; name = QuartzCore.framework; path = System/Library/Frameworks/QuartzCore.framework; sourceTree = SDKROOT; };
		DF13806A1A185C650057522A /* MapKit.framework */ = {isa = PBXFileReference; lastKnownFileType = wrapper.framework; name = MapKit.framework; path = System/Library/Frameworks/MapKit.framework; sourceTree = SDKROOT; };
		DF13806C1A185C830057522A /* FoodPoint.entitlements */ = {isa = PBXFileReference; lastKnownFileType = text.xml; path = FoodPoint.entitlements; sourceTree = "<group>"; };
		DF13806D1A188C0D0057522A /* BuyIntermediateViewController.h */ = {isa = PBXFileReference; fileEncoding = 4; lastKnownFileType = sourcecode.c.h; name = BuyIntermediateViewController.h; path = ../BuyIntermediateViewController.h; sourceTree = "<group>"; };
		DF13806E1A188C0D0057522A /* BuyIntermediateViewController.m */ = {isa = PBXFileReference; fileEncoding = 4; lastKnownFileType = sourcecode.c.objc; name = BuyIntermediateViewController.m; path = ../BuyIntermediateViewController.m; sourceTree = "<group>"; };
		DF1380701A188C250057522A /* SellIntermediateViewController.h */ = {isa = PBXFileReference; fileEncoding = 4; lastKnownFileType = sourcecode.c.h; name = SellIntermediateViewController.h; path = ../SellIntermediateViewController.h; sourceTree = "<group>"; };
		DF1380711A188C250057522A /* SellIntermediateViewController.m */ = {isa = PBXFileReference; fileEncoding = 4; lastKnownFileType = sourcecode.c.objc; name = SellIntermediateViewController.m; path = ../SellIntermediateViewController.m; sourceTree = "<group>"; };
		DF1380731A189F570057522A /* Main.storyboard */ = {isa = PBXFileReference; fileEncoding = 4; lastKnownFileType = file.storyboard; path = Main.storyboard; sourceTree = "<group>"; };
		DF1380761A18A1F60057522A /* bg-fp.jpg */ = {isa = PBXFileReference; lastKnownFileType = image.jpeg; path = "bg-fp.jpg"; sourceTree = "<group>"; };
		DF1380771A18A1F60057522A /* buy-btn.png */ = {isa = PBXFileReference; lastKnownFileType = image.png; path = "buy-btn.png"; sourceTree = "<group>"; };
		DF1380781A18A1F60057522A /* car-btn.png */ = {isa = PBXFileReference; lastKnownFileType = image.png; path = "car-btn.png"; sourceTree = "<group>"; };
		DF1380791A18A1F60057522A /* guy-bg.png */ = {isa = PBXFileReference; lastKnownFileType = image.png; path = "guy-bg.png"; sourceTree = "<group>"; };
		DF13807A1A18A1F60057522A /* header-pf.png */ = {isa = PBXFileReference; lastKnownFileType = image.png; path = "header-pf.png"; sourceTree = "<group>"; };
		DF13807B1A18A1F60057522A /* sell-btn.png */ = {isa = PBXFileReference; lastKnownFileType = image.png; path = "sell-btn.png"; sourceTree = "<group>"; };
		DF13807C1A18A1F60057522A /* walking-btn.png */ = {isa = PBXFileReference; lastKnownFileType = image.png; path = "walking-btn.png"; sourceTree = "<group>"; };
		DF13807D1A18A1F60057522A /* wood-pf.png */ = {isa = PBXFileReference; lastKnownFileType = image.png; path = "wood-pf.png"; sourceTree = "<group>"; };
		DF1380861A18B5340057522A /* search-btn.png */ = {isa = PBXFileReference; lastKnownFileType = image.png; path = "search-btn.png"; sourceTree = "<group>"; };
		DF1380881A18B5370057522A /* icon-green.png */ = {isa = PBXFileReference; lastKnownFileType = image.png; path = "icon-green.png"; sourceTree = "<group>"; };
		DF13808A1A18B53B0057522A /* icon-blue.png */ = {isa = PBXFileReference; lastKnownFileType = image.png; path = "icon-blue.png"; sourceTree = "<group>"; };
		DF13808C1A18CF9D0057522A /* ConfirmationViewController.h */ = {isa = PBXFileReference; fileEncoding = 4; lastKnownFileType = sourcecode.c.h; name = ConfirmationViewController.h; path = ../Images/ConfirmationViewController.h; sourceTree = "<group>"; };
		DF13808D1A18CF9D0057522A /* ConfirmationViewController.m */ = {isa = PBXFileReference; fileEncoding = 4; lastKnownFileType = sourcecode.c.objc; name = ConfirmationViewController.m; path = ../Images/ConfirmationViewController.m; sourceTree = "<group>"; };
		DF13808F1A18D7970057522A /* confirmbutton.png */ = {isa = PBXFileReference; lastKnownFileType = image.png; path = confirmbutton.png; sourceTree = "<group>"; };
		DF5F6BC21A17ED8B006E5CA6 /* FoodPoint.app */ = {isa = PBXFileReference; explicitFileType = wrapper.application; includeInIndex = 0; path = FoodPoint.app; sourceTree = BUILT_PRODUCTS_DIR; };
		DF5F6BC61A17ED8B006E5CA6 /* Info.plist */ = {isa = PBXFileReference; lastKnownFileType = text.plist.xml; path = Info.plist; sourceTree = "<group>"; };
		DF5F6BC71A17ED8B006E5CA6 /* main.m */ = {isa = PBXFileReference; lastKnownFileType = sourcecode.c.objc; path = main.m; sourceTree = "<group>"; };
		DF5F6BC91A17ED8B006E5CA6 /* AppDelegate.h */ = {isa = PBXFileReference; lastKnownFileType = sourcecode.c.h; path = AppDelegate.h; sourceTree = "<group>"; };
		DF5F6BCA1A17ED8B006E5CA6 /* AppDelegate.m */ = {isa = PBXFileReference; lastKnownFileType = sourcecode.c.objc; path = AppDelegate.m; sourceTree = "<group>"; };
		DF5F6BCC1A17ED8B006E5CA6 /* ViewController.h */ = {isa = PBXFileReference; lastKnownFileType = sourcecode.c.h; path = ViewController.h; sourceTree = "<group>"; };
		DF5F6BCD1A17ED8B006E5CA6 /* ViewController.m */ = {isa = PBXFileReference; lastKnownFileType = sourcecode.c.objc; path = ViewController.m; sourceTree = "<group>"; };
		DF5F6BD21A17ED8B006E5CA6 /* Images.xcassets */ = {isa = PBXFileReference; lastKnownFileType = folder.assetcatalog; path = Images.xcassets; sourceTree = "<group>"; };
		DF5F6BD51A17ED8B006E5CA6 /* Base */ = {isa = PBXFileReference; lastKnownFileType = file.xib; name = Base; path = Base.lproj/LaunchScreen.xib; sourceTree = "<group>"; };
		DF5F6BDB1A17ED8B006E5CA6 /* FoodPointTests.xctest */ = {isa = PBXFileReference; explicitFileType = wrapper.cfbundle; includeInIndex = 0; path = FoodPointTests.xctest; sourceTree = BUILT_PRODUCTS_DIR; };
		DF5F6BE01A17ED8B006E5CA6 /* Info.plist */ = {isa = PBXFileReference; lastKnownFileType = text.plist.xml; path = Info.plist; sourceTree = "<group>"; };
		DF5F6BE11A17ED8B006E5CA6 /* FoodPointTests.m */ = {isa = PBXFileReference; lastKnownFileType = sourcecode.c.objc; path = FoodPointTests.m; sourceTree = "<group>"; };
/* End PBXFileReference section */

/* Begin PBXFrameworksBuildPhase section */
		DF5F6BBF1A17ED8B006E5CA6 /* Frameworks */ = {
			isa = PBXFrameworksBuildPhase;
			buildActionMask = 2147483647;
			files = (
				17EEB96B1A18070100CB7DEC /* SystemConfiguration.framework in Frameworks */,
				DF1380661A184BEF0057522A /* QuartzCore.framework in Frameworks */,
				DF1380641A184BE90057522A /* OpenGLES.framework in Frameworks */,
				DF1380621A184BE00057522A /* libz.dylib in Frameworks */,
				17EEB9651A1806B500CB7DEC /* libicucore.dylib in Frameworks */,
				17EEB9671A1806BF00CB7DEC /* libc++.dylib in Frameworks */,
				DF1380601A184BC80057522A /* ImageIO.framework in Frameworks */,
				DF13805E1A184BC20057522A /* GLKit.framework in Frameworks */,
				DF13805C1A184BBB0057522A /* CoreText.framework in Frameworks */,
				DF13806B1A185C650057522A /* MapKit.framework in Frameworks */,
				DF13805A1A184BB50057522A /* CoreLocation.framework in Frameworks */,
				DF1380581A184BB00057522A /* CoreData.framework in Frameworks */,
				DF1380561A184BA90057522A /* AVFoundation.framework in Frameworks */,
				DF1380521A184A780057522A /* GoogleMaps.framework in Frameworks */,
				17EEB9691A1806F300CB7DEC /* CFNetwork.framework in Frameworks */,
				17EEB9631A1806A700CB7DEC /* Security.framework in Frameworks */,
				17EEB9611A18063200CB7DEC /* Firebase.framework in Frameworks */,
			);
			runOnlyForDeploymentPostprocessing = 0;
		};
		DF5F6BD81A17ED8B006E5CA6 /* Frameworks */ = {
			isa = PBXFrameworksBuildPhase;
			buildActionMask = 2147483647;
			files = (
			);
			runOnlyForDeploymentPostprocessing = 0;
		};
/* End PBXFrameworksBuildPhase section */

/* Begin PBXGroup section */
		DF1380751A18A1F60057522A /* Images */ = {
			isa = PBXGroup;
			children = (
				DF13808A1A18B53B0057522A /* icon-blue.png */,
				DF1380881A18B5370057522A /* icon-green.png */,
				DF1380861A18B5340057522A /* search-btn.png */,
				DF13808F1A18D7970057522A /* confirmbutton.png */,
				DF1380761A18A1F60057522A /* bg-fp.jpg */,
				DF1380771A18A1F60057522A /* buy-btn.png */,
				DF1380781A18A1F60057522A /* car-btn.png */,
				DF1380791A18A1F60057522A /* guy-bg.png */,
				DF13807A1A18A1F60057522A /* header-pf.png */,
				DF13807B1A18A1F60057522A /* sell-btn.png */,
				DF13807C1A18A1F60057522A /* walking-btn.png */,
				DF13807D1A18A1F60057522A /* wood-pf.png */,
			);
			path = Images;
			sourceTree = "<group>";
		};
		DF5F6BB91A17ED8B006E5CA6 = {
			isa = PBXGroup;
			children = (
				17EEB96C1A18745700CB7DEC /* firebaseFunc.m */,
				DF13806A1A185C650057522A /* MapKit.framework */,
				DF1380651A184BEF0057522A /* QuartzCore.framework */,
				DF1380631A184BE90057522A /* OpenGLES.framework */,
				DF1380611A184BE00057522A /* libz.dylib */,
				DF13805F1A184BC80057522A /* ImageIO.framework */,
				DF13805D1A184BC20057522A /* GLKit.framework */,
				DF13805B1A184BBB0057522A /* CoreText.framework */,
				DF1380591A184BB50057522A /* CoreLocation.framework */,
				DF1380571A184BB00057522A /* CoreData.framework */,
				DF1380551A184BA90057522A /* AVFoundation.framework */,
				DF13803C1A180D2A0057522A /* README.md */,
				DF1380531A184AB30057522A /* GoogleMaps.bundle */,
				DF1380511A184A780057522A /* GoogleMaps.framework */,
				17EEB96A1A18070100CB7DEC /* SystemConfiguration.framework */,
				17EEB9681A1806F300CB7DEC /* CFNetwork.framework */,
				17EEB9661A1806BF00CB7DEC /* libc++.dylib */,
				17EEB9641A1806B500CB7DEC /* libicucore.dylib */,
				17EEB9621A1806A700CB7DEC /* Security.framework */,
				17EEB9601A18063200CB7DEC /* Firebase.framework */,
				DF5F6BC41A17ED8B006E5CA6 /* FoodPoint */,
				DF5F6BDE1A17ED8B006E5CA6 /* FoodPointTests */,
				DF5F6BC31A17ED8B006E5CA6 /* Products */,
				DF1380751A18A1F60057522A /* Images */,
			);
			sourceTree = "<group>";
		};
		DF5F6BC31A17ED8B006E5CA6 /* Products */ = {
			isa = PBXGroup;
			children = (
				DF5F6BC21A17ED8B006E5CA6 /* FoodPoint.app */,
				DF5F6BDB1A17ED8B006E5CA6 /* FoodPointTests.xctest */,
			);
			name = Products;
			sourceTree = "<group>";
		};
		DF5F6BC41A17ED8B006E5CA6 /* FoodPoint */ = {
			isa = PBXGroup;
			children = (
				DF13806C1A185C830057522A /* FoodPoint.entitlements */,
				DF5F6BC91A17ED8B006E5CA6 /* AppDelegate.h */,
				DF5F6BCA1A17ED8B006E5CA6 /* AppDelegate.m */,
				DF1380431A1833F70057522A /* Buyer.h */,
				DF1380411A182C710057522A /* Buyer.m */,
				DF1380441A1834A70057522A /* Seller.h */,
				DF1380451A1834A70057522A /* Seller.m */,
				DF13804A1A1837540057522A /* Market.h */,
				DF13804B1A1837540057522A /* Market.m */,
				DF5F6BCC1A17ED8B006E5CA6 /* ViewController.h */,
				DF5F6BCD1A17ED8B006E5CA6 /* ViewController.m */,
				DF13803E1A1819CE0057522A /* BuyViewController.h */,
				DF13803F1A1819CE0057522A /* BuyViewController.m */,
				DF13806D1A188C0D0057522A /* BuyIntermediateViewController.h */,
				DF13806E1A188C0D0057522A /* BuyIntermediateViewController.m */,
				17EEB96E1A18767F00CB7DEC /* SellViewController.h */,
				17EEB96F1A18767F00CB7DEC /* SellViewController.m */,
				DF1380701A188C250057522A /* SellIntermediateViewController.h */,
				DF1380711A188C250057522A /* SellIntermediateViewController.m */,
				DF13808C1A18CF9D0057522A /* ConfirmationViewController.h */,
				DF13808D1A18CF9D0057522A /* ConfirmationViewController.m */,
				DF1380731A189F570057522A /* Main.storyboard */,
				DF5F6BD21A17ED8B006E5CA6 /* Images.xcassets */,
				DF5F6BD41A17ED8B006E5CA6 /* LaunchScreen.xib */,
				DF5F6BC51A17ED8B006E5CA6 /* Supporting Files */,
			);
			path = FoodPoint;
			sourceTree = "<group>";
		};
		DF5F6BC51A17ED8B006E5CA6 /* Supporting Files */ = {
			isa = PBXGroup;
			children = (
				DF5F6BC61A17ED8B006E5CA6 /* Info.plist */,
				DF5F6BC71A17ED8B006E5CA6 /* main.m */,
			);
			name = "Supporting Files";
			sourceTree = "<group>";
		};
		DF5F6BDE1A17ED8B006E5CA6 /* FoodPointTests */ = {
			isa = PBXGroup;
			children = (
				DF5F6BE11A17ED8B006E5CA6 /* FoodPointTests.m */,
				DF5F6BDF1A17ED8B006E5CA6 /* Supporting Files */,
			);
			path = FoodPointTests;
			sourceTree = "<group>";
		};
		DF5F6BDF1A17ED8B006E5CA6 /* Supporting Files */ = {
			isa = PBXGroup;
			children = (
				DF5F6BE01A17ED8B006E5CA6 /* Info.plist */,
			);
			name = "Supporting Files";
			sourceTree = "<group>";
		};
/* End PBXGroup section */

/* Begin PBXNativeTarget section */
		DF5F6BC11A17ED8B006E5CA6 /* FoodPoint */ = {
			isa = PBXNativeTarget;
			buildConfigurationList = DF5F6BE51A17ED8B006E5CA6 /* Build configuration list for PBXNativeTarget "FoodPoint" */;
			buildPhases = (
				DF5F6BBE1A17ED8B006E5CA6 /* Sources */,
				DF5F6BBF1A17ED8B006E5CA6 /* Frameworks */,
				DF5F6BC01A17ED8B006E5CA6 /* Resources */,
			);
			buildRules = (
			);
			dependencies = (
			);
			name = FoodPoint;
			productName = FoodPoint;
			productReference = DF5F6BC21A17ED8B006E5CA6 /* FoodPoint.app */;
			productType = "com.apple.product-type.application";
		};
		DF5F6BDA1A17ED8B006E5CA6 /* FoodPointTests */ = {
			isa = PBXNativeTarget;
			buildConfigurationList = DF5F6BE81A17ED8B006E5CA6 /* Build configuration list for PBXNativeTarget "FoodPointTests" */;
			buildPhases = (
				DF5F6BD71A17ED8B006E5CA6 /* Sources */,
				DF5F6BD81A17ED8B006E5CA6 /* Frameworks */,
				DF5F6BD91A17ED8B006E5CA6 /* Resources */,
			);
			buildRules = (
			);
			dependencies = (
				DF5F6BDD1A17ED8B006E5CA6 /* PBXTargetDependency */,
			);
			name = FoodPointTests;
			productName = FoodPointTests;
			productReference = DF5F6BDB1A17ED8B006E5CA6 /* FoodPointTests.xctest */;
			productType = "com.apple.product-type.bundle.unit-test";
		};
/* End PBXNativeTarget section */

/* Begin PBXProject section */
		DF5F6BBA1A17ED8B006E5CA6 /* Project object */ = {
			isa = PBXProject;
			attributes = {
				LastUpgradeCheck = 0600;
				ORGANIZATIONNAME = FoodPoint;
				TargetAttributes = {
					DF5F6BC11A17ED8B006E5CA6 = {
						CreatedOnToolsVersion = 6.0.1;
						DevelopmentTeam = ALVVSFF263;
						SystemCapabilities = {
							com.apple.Maps.iOS = {
								enabled = 1;
							};
							com.apple.SafariKeychain = {
								enabled = 0;
							};
						};
					};
					DF5F6BDA1A17ED8B006E5CA6 = {
						CreatedOnToolsVersion = 6.0.1;
						TestTargetID = DF5F6BC11A17ED8B006E5CA6;
					};
				};
			};
			buildConfigurationList = DF5F6BBD1A17ED8B006E5CA6 /* Build configuration list for PBXProject "FoodPoint" */;
			compatibilityVersion = "Xcode 3.2";
			developmentRegion = English;
			hasScannedForEncodings = 0;
			knownRegions = (
				en,
				Base,
			);
			mainGroup = DF5F6BB91A17ED8B006E5CA6;
			productRefGroup = DF5F6BC31A17ED8B006E5CA6 /* Products */;
			projectDirPath = "";
			projectRoot = "";
			targets = (
				DF5F6BC11A17ED8B006E5CA6 /* FoodPoint */,
				DF5F6BDA1A17ED8B006E5CA6 /* FoodPointTests */,
			);
		};
/* End PBXProject section */

/* Begin PBXResourcesBuildPhase section */
		DF5F6BC01A17ED8B006E5CA6 /* Resources */ = {
			isa = PBXResourcesBuildPhase;
			buildActionMask = 2147483647;
			files = (
				DF1380891A18B5370057522A /* icon-green.png in Resources */,
				DF1380841A18A1F60057522A /* walking-btn.png in Resources */,
				DF1380831A18A1F60057522A /* sell-btn.png in Resources */,
				DF1380851A18A1F60057522A /* wood-pf.png in Resources */,
				DF1380821A18A1F60057522A /* header-pf.png in Resources */,
				DF1380811A18A1F60057522A /* guy-bg.png in Resources */,
				DF13807E1A18A1F60057522A /* bg-fp.jpg in Resources */,
				DF5F6BD61A17ED8B006E5CA6 /* LaunchScreen.xib in Resources */,
				DF5F6BD31A17ED8B006E5CA6 /* Images.xcassets in Resources */,
				DF13807F1A18A1F60057522A /* buy-btn.png in Resources */,
				DF1380541A184AB30057522A /* GoogleMaps.bundle in Resources */,
				DF1380801A18A1F60057522A /* car-btn.png in Resources */,
				DF1380871A18B5340057522A /* search-btn.png in Resources */,
				DF1380741A189F570057522A /* Main.storyboard in Resources */,
				DF1380901A18D7970057522A /* confirmbutton.png in Resources */,
				DF13808B1A18B53B0057522A /* icon-blue.png in Resources */,
			);
			runOnlyForDeploymentPostprocessing = 0;
		};
		DF5F6BD91A17ED8B006E5CA6 /* Resources */ = {
			isa = PBXResourcesBuildPhase;
			buildActionMask = 2147483647;
			files = (
			);
			runOnlyForDeploymentPostprocessing = 0;
		};
/* End PBXResourcesBuildPhase section */

/* Begin PBXSourcesBuildPhase section */
		DF5F6BBE1A17ED8B006E5CA6 /* Sources */ = {
			isa = PBXSourcesBuildPhase;
			buildActionMask = 2147483647;
			files = (
				DF13808E1A18CF9D0057522A /* ConfirmationViewController.m in Sources */,
				DF1380461A1834A70057522A /* Seller.m in Sources */,
				17EEB96D1A18745700CB7DEC /* firebaseFunc.m in Sources */,
				DF5F6BCE1A17ED8B006E5CA6 /* ViewController.m in Sources */,
				DF5F6BCB1A17ED8B006E5CA6 /* AppDelegate.m in Sources */,
				DF13806F1A188C0D0057522A /* BuyIntermediateViewController.m in Sources */,
				DF13803D1A180D2A0057522A /* README.md in Sources */,
				DF1380721A188C250057522A /* SellIntermediateViewController.m in Sources */,
				DF1380421A182C710057522A /* Buyer.m in Sources */,
				DF5F6BC81A17ED8B006E5CA6 /* main.m in Sources */,
				DF1380401A1819CE0057522A /* BuyViewController.m in Sources */,
				17EEB9701A18767F00CB7DEC /* SellViewController.m in Sources */,
				DF13804C1A1837540057522A /* Market.m in Sources */,
			);
			runOnlyForDeploymentPostprocessing = 0;
		};
		DF5F6BD71A17ED8B006E5CA6 /* Sources */ = {
			isa = PBXSourcesBuildPhase;
			buildActionMask = 2147483647;
			files = (
				DF5F6BE21A17ED8B006E5CA6 /* FoodPointTests.m in Sources */,
			);
			runOnlyForDeploymentPostprocessing = 0;
		};
/* End PBXSourcesBuildPhase section */

/* Begin PBXTargetDependency section */
		DF5F6BDD1A17ED8B006E5CA6 /* PBXTargetDependency */ = {
			isa = PBXTargetDependency;
			target = DF5F6BC11A17ED8B006E5CA6 /* FoodPoint */;
			targetProxy = DF5F6BDC1A17ED8B006E5CA6 /* PBXContainerItemProxy */;
		};
/* End PBXTargetDependency section */

/* Begin PBXVariantGroup section */
		DF5F6BD41A17ED8B006E5CA6 /* LaunchScreen.xib */ = {
			isa = PBXVariantGroup;
			children = (
				DF5F6BD51A17ED8B006E5CA6 /* Base */,
			);
			name = LaunchScreen.xib;
			sourceTree = "<group>";
		};
/* End PBXVariantGroup section */

/* Begin XCBuildConfiguration section */
		DF5F6BE31A17ED8B006E5CA6 /* Debug */ = {
			isa = XCBuildConfiguration;
			buildSettings = {
				ALWAYS_SEARCH_USER_PATHS = NO;
				CLANG_CXX_LANGUAGE_STANDARD = "gnu++0x";
				CLANG_CXX_LIBRARY = "libc++";
				CLANG_ENABLE_MODULES = YES;
				CLANG_ENABLE_OBJC_ARC = YES;
				CLANG_WARN_BOOL_CONVERSION = YES;
				CLANG_WARN_CONSTANT_CONVERSION = YES;
				CLANG_WARN_DIRECT_OBJC_ISA_USAGE = YES_ERROR;
				CLANG_WARN_EMPTY_BODY = YES;
				CLANG_WARN_ENUM_CONVERSION = YES;
				CLANG_WARN_INT_CONVERSION = YES;
				CLANG_WARN_OBJC_ROOT_CLASS = YES_ERROR;
				CLANG_WARN_UNREACHABLE_CODE = YES;
				CLANG_WARN__DUPLICATE_METHOD_MATCH = YES;
				"CODE_SIGN_IDENTITY[sdk=iphoneos*]" = "iPhone Developer";
				COPY_PHASE_STRIP = NO;
				ENABLE_STRICT_OBJC_MSGSEND = YES;
				GCC_C_LANGUAGE_STANDARD = gnu99;
				GCC_DYNAMIC_NO_PIC = NO;
				GCC_OPTIMIZATION_LEVEL = 0;
				GCC_PREPROCESSOR_DEFINITIONS = (
					"DEBUG=1",
					"$(inherited)",
				);
				GCC_SYMBOLS_PRIVATE_EXTERN = NO;
				GCC_WARN_64_TO_32_BIT_CONVERSION = YES;
				GCC_WARN_ABOUT_RETURN_TYPE = YES_ERROR;
				GCC_WARN_UNDECLARED_SELECTOR = YES;
				GCC_WARN_UNINITIALIZED_AUTOS = YES_AGGRESSIVE;
				GCC_WARN_UNUSED_FUNCTION = YES;
				GCC_WARN_UNUSED_VARIABLE = YES;
				IPHONEOS_DEPLOYMENT_TARGET = 8.0;
				MTL_ENABLE_DEBUG_INFO = YES;
				ONLY_ACTIVE_ARCH = YES;
				SDKROOT = iphoneos;
				TARGETED_DEVICE_FAMILY = "1,2";
			};
			name = Debug;
		};
		DF5F6BE41A17ED8B006E5CA6 /* Release */ = {
			isa = XCBuildConfiguration;
			buildSettings = {
				ALWAYS_SEARCH_USER_PATHS = NO;
				CLANG_CXX_LANGUAGE_STANDARD = "gnu++0x";
				CLANG_CXX_LIBRARY = "libc++";
				CLANG_ENABLE_MODULES = YES;
				CLANG_ENABLE_OBJC_ARC = YES;
				CLANG_WARN_BOOL_CONVERSION = YES;
				CLANG_WARN_CONSTANT_CONVERSION = YES;
				CLANG_WARN_DIRECT_OBJC_ISA_USAGE = YES_ERROR;
				CLANG_WARN_EMPTY_BODY = YES;
				CLANG_WARN_ENUM_CONVERSION = YES;
				CLANG_WARN_INT_CONVERSION = YES;
				CLANG_WARN_OBJC_ROOT_CLASS = YES_ERROR;
				CLANG_WARN_UNREACHABLE_CODE = YES;
				CLANG_WARN__DUPLICATE_METHOD_MATCH = YES;
				"CODE_SIGN_IDENTITY[sdk=iphoneos*]" = "iPhone Developer";
				COPY_PHASE_STRIP = YES;
				ENABLE_NS_ASSERTIONS = NO;
				ENABLE_STRICT_OBJC_MSGSEND = YES;
				GCC_C_LANGUAGE_STANDARD = gnu99;
				GCC_WARN_64_TO_32_BIT_CONVERSION = YES;
				GCC_WARN_ABOUT_RETURN_TYPE = YES_ERROR;
				GCC_WARN_UNDECLARED_SELECTOR = YES;
				GCC_WARN_UNINITIALIZED_AUTOS = YES_AGGRESSIVE;
				GCC_WARN_UNUSED_FUNCTION = YES;
				GCC_WARN_UNUSED_VARIABLE = YES;
				IPHONEOS_DEPLOYMENT_TARGET = 8.0;
				MTL_ENABLE_DEBUG_INFO = NO;
				SDKROOT = iphoneos;
				TARGETED_DEVICE_FAMILY = "1,2";
				VALIDATE_PRODUCT = YES;
			};
			name = Release;
		};
		DF5F6BE61A17ED8B006E5CA6 /* Debug */ = {
			isa = XCBuildConfiguration;
			buildSettings = {
				ASSETCATALOG_COMPILER_APPICON_NAME = AppIcon;
				CODE_SIGN_IDENTITY = "iPhone Developer";
				"CODE_SIGN_IDENTITY[sdk=iphoneos*]" = "iPhone Developer";
				FRAMEWORK_SEARCH_PATHS = (
					"$(inherited)",
					"$(PROJECT_DIR)",
				);
				INFOPLIST_FILE = FoodPoint/Info.plist;
				LD_RUNPATH_SEARCH_PATHS = "$(inherited) @executable_path/Frameworks";
				OTHER_LDFLAGS = "-ObjC";
				PRODUCT_NAME = "$(TARGET_NAME)";
				PROVISIONING_PROFILE = "";
			};
			name = Debug;
		};
		DF5F6BE71A17ED8B006E5CA6 /* Release */ = {
			isa = XCBuildConfiguration;
			buildSettings = {
				ASSETCATALOG_COMPILER_APPICON_NAME = AppIcon;
				CODE_SIGN_IDENTITY = "iPhone Developer";
				"CODE_SIGN_IDENTITY[sdk=iphoneos*]" = "iPhone Developer";
				FRAMEWORK_SEARCH_PATHS = (
					"$(inherited)",
					"$(PROJECT_DIR)",
				);
				INFOPLIST_FILE = FoodPoint/Info.plist;
				LD_RUNPATH_SEARCH_PATHS = "$(inherited) @executable_path/Frameworks";
				OTHER_LDFLAGS = "-ObjC";
				PRODUCT_NAME = "$(TARGET_NAME)";
				PROVISIONING_PROFILE = "";
			};
			name = Release;
		};
		DF5F6BE91A17ED8B006E5CA6 /* Debug */ = {
			isa = XCBuildConfiguration;
			buildSettings = {
				BUNDLE_LOADER = "$(TEST_HOST)";
				FRAMEWORK_SEARCH_PATHS = (
					"$(SDKROOT)/Developer/Library/Frameworks",
					"$(inherited)",
				);
				GCC_PREPROCESSOR_DEFINITIONS = (
					"DEBUG=1",
					"$(inherited)",
				);
				INFOPLIST_FILE = FoodPointTests/Info.plist;
				LD_RUNPATH_SEARCH_PATHS = "$(inherited) @executable_path/Frameworks @loader_path/Frameworks";
				PRODUCT_NAME = "$(TARGET_NAME)";
				TEST_HOST = "$(BUILT_PRODUCTS_DIR)/FoodPoint.app/FoodPoint";
			};
			name = Debug;
		};
		DF5F6BEA1A17ED8B006E5CA6 /* Release */ = {
			isa = XCBuildConfiguration;
			buildSettings = {
				BUNDLE_LOADER = "$(TEST_HOST)";
				FRAMEWORK_SEARCH_PATHS = (
					"$(SDKROOT)/Developer/Library/Frameworks",
					"$(inherited)",
				);
				INFOPLIST_FILE = FoodPointTests/Info.plist;
				LD_RUNPATH_SEARCH_PATHS = "$(inherited) @executable_path/Frameworks @loader_path/Frameworks";
				PRODUCT_NAME = "$(TARGET_NAME)";
				TEST_HOST = "$(BUILT_PRODUCTS_DIR)/FoodPoint.app/FoodPoint";
			};
			name = Release;
		};
/* End XCBuildConfiguration section */

/* Begin XCConfigurationList section */
		DF5F6BBD1A17ED8B006E5CA6 /* Build configuration list for PBXProject "FoodPoint" */ = {
			isa = XCConfigurationList;
			buildConfigurations = (
				DF5F6BE31A17ED8B006E5CA6 /* Debug */,
				DF5F6BE41A17ED8B006E5CA6 /* Release */,
			);
			defaultConfigurationIsVisible = 0;
			defaultConfigurationName = Release;
		};
		DF5F6BE51A17ED8B006E5CA6 /* Build configuration list for PBXNativeTarget "FoodPoint" */ = {
			isa = XCConfigurationList;
			buildConfigurations = (
				DF5F6BE61A17ED8B006E5CA6 /* Debug */,
				DF5F6BE71A17ED8B006E5CA6 /* Release */,
			);
			defaultConfigurationIsVisible = 0;
			defaultConfigurationName = Release;
		};
		DF5F6BE81A17ED8B006E5CA6 /* Build configuration list for PBXNativeTarget "FoodPointTests" */ = {
			isa = XCConfigurationList;
			buildConfigurations = (
				DF5F6BE91A17ED8B006E5CA6 /* Debug */,
				DF5F6BEA1A17ED8B006E5CA6 /* Release */,
			);
			defaultConfigurationIsVisible = 0;
			defaultConfigurationName = Release;
		};
/* End XCConfigurationList section */
	};
	rootObject = DF5F6BBA1A17ED8B006E5CA6 /* Project object */;
}
