// !$*UTF8*$!
{
	archiveVersion = 1;
	classes = {
	};
	objectVersion = 46;
	objects = {

/* Begin PBXBuildFile section */
		DF5F6BC81A17ED8B006E5CA6 /* main.m in Sources */ = {isa = PBXBuildFile; fileRef = DF5F6BC71A17ED8B006E5CA6 /* main.m */; };
		DF5F6BCB1A17ED8B006E5CA6 /* AppDelegate.m in Sources */ = {isa = PBXBuildFile; fileRef = DF5F6BCA1A17ED8B006E5CA6 /* AppDelegate.m */; };
		DF5F6BCE1A17ED8B006E5CA6 /* ViewController.m in Sources */ = {isa = PBXBuildFile; fileRef = DF5F6BCD1A17ED8B006E5CA6 /* ViewController.m */; };
		DF5F6BD11A17ED8B006E5CA6 /* Main.storyboard in Resources */ = {isa = PBXBuildFile; fileRef = DF5F6BCF1A17ED8B006E5CA6 /* Main.storyboard */; };
		DF5F6BD31A17ED8B006E5CA6 /* Images.xcassets in Resources */ = {isa = PBXBuildFile; fileRef = DF5F6BD21A17ED8B006E5CA6 /* Images.xcassets */; };
		DF5F6BD61A17ED8B006E5CA6 /* LaunchScreen.xib in Resources */ = {isa = PBXBuildFile; fileRef = DF5F6BD41A17ED8B006E5CA6 /* LaunchScreen.xib */; };
		DF5F6BE21A17ED8B006E5CA6 /* FoodPointTests.m in Sources */ = {isa = PBXBuildFile; fileRef = DF5F6BE11A17ED8B006E5CA6 /* FoodPointTests.m */; };
/* End PBXBuildFile section */

/* Begin PBXContainerItemProxy section */
		DF5F6BDC1A17ED8B006E5CA6 /* PBXContainerItemProxy */ = {
			isa = PBXContainerItemProxy;
			containerPortal = DF5F6BBA1A17ED8B006E5CA6 /* Project object */;
			proxyType = 1;
			remoteGlobalIDString = DF5F6BC11A17ED8B006E5CA6;
			remoteInfo = FoodPoint;
		};
/* End PBXContainerItemProxy section */

/* Begin PBXFileReference section */
		DF5F6BC21A17ED8B006E5CA6 /* FoodPoint.app */ = {isa = PBXFileReference; explicitFileType = wrapper.application; includeInIndex = 0; path = FoodPoint.app; sourceTree = BUILT_PRODUCTS_DIR; };
		DF5F6BC61A17ED8B006E5CA6 /* Info.plist */ = {isa = PBXFileReference; lastKnownFileType = text.plist.xml; path = Info.plist; sourceTree = "<group>"; };
		DF5F6BC71A17ED8B006E5CA6 /* main.m */ = {isa = PBXFileReference; lastKnownFileType = sourcecode.c.objc; path = main.m; sourceTree = "<group>"; };
		DF5F6BC91A17ED8B006E5CA6 /* AppDelegate.h */ = {isa = PBXFileReference; lastKnownFileType = sourcecode.c.h; path = AppDelegate.h; sourceTree = "<group>"; };
		DF5F6BCA1A17ED8B006E5CA6 /* AppDelegate.m */ = {isa = PBXFileReference; lastKnownFileType = sourcecode.c.objc; path = AppDelegate.m; sourceTree = "<group>"; };
		DF5F6BCC1A17ED8B006E5CA6 /* ViewController.h */ = {isa = PBXFileReference; lastKnownFileType = sourcecode.c.h; path = ViewController.h; sourceTree = "<group>"; };
		DF5F6BCD1A17ED8B006E5CA6 /* ViewController.m */ = {isa = PBXFileReference; lastKnownFileType = sourcecode.c.objc; path = ViewController.m; sourceTree = "<group>"; };
		DF5F6BD01A17ED8B006E5CA6 /* Base */ = {isa = PBXFileReference; lastKnownFileType = file.storyboard; name = Base; path = Base.lproj/Main.storyboard; sourceTree = "<group>"; };
		DF5F6BD21A17ED8B006E5CA6 /* Images.xcassets */ = {isa = PBXFileReference; lastKnownFileType = folder.assetcatalog; path = Images.xcassets; sourceTree = "<group>"; };
		DF5F6BD51A17ED8B006E5CA6 /* Base */ = {isa = PBXFileReference; lastKnownFileType = file.xib; name = Base; path = Base.lproj/LaunchScreen.xib; sourceTree = "<group>"; };
		DF5F6BDB1A17ED8B006E5CA6 /* FoodPointTests.xctest */ = {isa = PBXFileReference; explicitFileType = wrapper.cfbundle; includeInIndex = 0; path = FoodPointTests.xctest; sourceTree = BUILT_PRODUCTS_DIR; };
		DF5F6BE01A17ED8B006E5CA6 /* Info.plist */ = {isa = PBXFileReference; lastKnownFileType = text.plist.xml; path = Info.plist; sourceTree = "<group>"; };
		DF5F6BE11A17ED8B006E5CA6 /* FoodPointTests.m */ = {isa = PBXFileReference; lastKnownFileType = sourcecode.c.objc; path = FoodPointTests.m; sourceTree = "<group>"; };
/* End PBXFileReference section */

/* Begin PBXFrameworksBuildPhase section */
		DF5F6BBF1A17ED8B006E5CA6 /* Frameworks */ = {
			isa = PBXFrameworksBuildPhase;
			buildActionMask = 2147483647;
			files = (
			);
			runOnlyForDeploymentPostprocessing = 0;
		};
		DF5F6BD81A17ED8B006E5CA6 /* Frameworks */ = {
			isa = PBXFrameworksBuildPhase;
			buildActionMask = 2147483647;
			files = (
			);
			runOnlyForDeploymentPostprocessing = 0;
		};
/* End PBXFrameworksBuildPhase section */

/* Begin PBXGroup section */
		DF5F6BB91A17ED8B006E5CA6 = {
			isa = PBXGroup;
			children = (
				DF5F6BC41A17ED8B006E5CA6 /* FoodPoint */,
				DF5F6BDE1A17ED8B006E5CA6 /* FoodPointTests */,
				DF5F6BC31A17ED8B006E5CA6 /* Products */,
			);
			sourceTree = "<group>";
		};
		DF5F6BC31A17ED8B006E5CA6 /* Products */ = {
			isa = PBXGroup;
			children = (
				DF5F6BC21A17ED8B006E5CA6 /* FoodPoint.app */,
				DF5F6BDB1A17ED8B006E5CA6 /* FoodPointTests.xctest */,
			);
			name = Products;
			sourceTree = "<group>";
		};
		DF5F6BC41A17ED8B006E5CA6 /* FoodPoint */ = {
			isa = PBXGroup;
			children = (
				DF5F6BC91A17ED8B006E5CA6 /* AppDelegate.h */,
				DF5F6BCA1A17ED8B006E5CA6 /* AppDelegate.m */,
				DF5F6BCC1A17ED8B006E5CA6 /* ViewController.h */,
				DF5F6BCD1A17ED8B006E5CA6 /* ViewController.m */,
				DF5F6BCF1A17ED8B006E5CA6 /* Main.storyboard */,
				DF5F6BD21A17ED8B006E5CA6 /* Images.xcassets */,
				DF5F6BD41A17ED8B006E5CA6 /* LaunchScreen.xib */,
				DF5F6BC51A17ED8B006E5CA6 /* Supporting Files */,
			);
			path = FoodPoint;
			sourceTree = "<group>";
		};
		DF5F6BC51A17ED8B006E5CA6 /* Supporting Files */ = {
			isa = PBXGroup;
			children = (
				DF5F6BC61A17ED8B006E5CA6 /* Info.plist */,
				DF5F6BC71A17ED8B006E5CA6 /* main.m */,
			);
			name = "Supporting Files";
			sourceTree = "<group>";
		};
		DF5F6BDE1A17ED8B006E5CA6 /* FoodPointTests */ = {
			isa = PBXGroup;
			children = (
				DF5F6BE11A17ED8B006E5CA6 /* FoodPointTests.m */,
				DF5F6BDF1A17ED8B006E5CA6 /* Supporting Files */,
			);
			path = FoodPointTests;
			sourceTree = "<group>";
		};
		DF5F6BDF1A17ED8B006E5CA6 /* Supporting Files */ = {
			isa = PBXGroup;
			children = (
				DF5F6BE01A17ED8B006E5CA6 /* Info.plist */,
			);
			name = "Supporting Files";
			sourceTree = "<group>";
		};
/* End PBXGroup section */

/* Begin PBXNativeTarget section */
		DF5F6BC11A17ED8B006E5CA6 /* FoodPoint */ = {
			isa = PBXNativeTarget;
			buildConfigurationList = DF5F6BE51A17ED8B006E5CA6 /* Build configuration list for PBXNativeTarget "FoodPoint" */;
			buildPhases = (
				DF5F6BBE1A17ED8B006E5CA6 /* Sources */,
				DF5F6BBF1A17ED8B006E5CA6 /* Frameworks */,
				DF5F6BC01A17ED8B006E5CA6 /* Resources */,
			);
			buildRules = (
			);
			dependencies = (
			);
			name = FoodPoint;
			productName = FoodPoint;
			productReference = DF5F6BC21A17ED8B006E5CA6 /* FoodPoint.app */;
			productType = "com.apple.product-type.application";
		};
		DF5F6BDA1A17ED8B006E5CA6 /* FoodPointTests */ = {
			isa = PBXNativeTarget;
			buildConfigurationList = DF5F6BE81A17ED8B006E5CA6 /* Build configuration list for PBXNativeTarget "FoodPointTests" */;
			buildPhases = (
				DF5F6BD71A17ED8B006E5CA6 /* Sources */,
				DF5F6BD81A17ED8B006E5CA6 /* Frameworks */,
				DF5F6BD91A17ED8B006E5CA6 /* Resources */,
			);
			buildRules = (
			);
			dependencies = (
				DF5F6BDD1A17ED8B006E5CA6 /* PBXTargetDependency */,
			);
			name = FoodPointTests;
			productName = FoodPointTests;
			productReference = DF5F6BDB1A17ED8B006E5CA6 /* FoodPointTests.xctest */;
			productType = "com.apple.product-type.bundle.unit-test";
		};
/* End PBXNativeTarget section */

/* Begin PBXProject section */
		DF5F6BBA1A17ED8B006E5CA6 /* Project object */ = {
			isa = PBXProject;
			attributes = {
				LastUpgradeCheck = 0600;
				ORGANIZATIONNAME = FoodPoint;
				TargetAttributes = {
					DF5F6BC11A17ED8B006E5CA6 = {
						CreatedOnToolsVersion = 6.0.1;
						DevelopmentTeam = ALVVSFF263;
					};
					DF5F6BDA1A17ED8B006E5CA6 = {
						CreatedOnToolsVersion = 6.0.1;
						TestTargetID = DF5F6BC11A17ED8B006E5CA6;
					};
				};
			};
			buildConfigurationList = DF5F6BBD1A17ED8B006E5CA6 /* Build configuration list for PBXProject "FoodPoint" */;
			compatibilityVersion = "Xcode 3.2";
			developmentRegion = English;
			hasScannedForEncodings = 0;
			knownRegions = (
				en,
				Base,
			);
			mainGroup = DF5F6BB91A17ED8B006E5CA6;
			productRefGroup = DF5F6BC31A17ED8B006E5CA6 /* Products */;
			projectDirPath = "";
			projectRoot = "";
			targets = (
				DF5F6BC11A17ED8B006E5CA6 /* FoodPoint */,
				DF5F6BDA1A17ED8B006E5CA6 /* FoodPointTests */,
			);
		};
/* End PBXProject section */

/* Begin PBXResourcesBuildPhase section */
		DF5F6BC01A17ED8B006E5CA6 /* Resources */ = {
			isa = PBXResourcesBuildPhase;
			buildActionMask = 2147483647;
			files = (
				DF5F6BD11A17ED8B006E5CA6 /* Main.storyboard in Resources */,
				DF5F6BD61A17ED8B006E5CA6 /* LaunchScreen.xib in Resources */,
				DF5F6BD31A17ED8B006E5CA6 /* Images.xcassets in Resources */,
			);
			runOnlyForDeploymentPostprocessing = 0;
		};
		DF5F6BD91A17ED8B006E5CA6 /* Resources */ = {
			isa = PBXResourcesBuildPhase;
			buildActionMask = 2147483647;
			files = (
			);
			runOnlyForDeploymentPostprocessing = 0;
		};
/* End PBXResourcesBuildPhase section */

/* Begin PBXSourcesBuildPhase section */
		DF5F6BBE1A17ED8B006E5CA6 /* Sources */ = {
			isa = PBXSourcesBuildPhase;
			buildActionMask = 2147483647;
			files = (
				DF5F6BCE1A17ED8B006E5CA6 /* ViewController.m in Sources */,
				DF5F6BCB1A17ED8B006E5CA6 /* AppDelegate.m in Sources */,
				DF5F6BC81A17ED8B006E5CA6 /* main.m in Sources */,
			);
			runOnlyForDeploymentPostprocessing = 0;
		};
		DF5F6BD71A17ED8B006E5CA6 /* Sources */ = {
			isa = PBXSourcesBuildPhase;
			buildActionMask = 2147483647;
			files = (
				DF5F6BE21A17ED8B006E5CA6 /* FoodPointTests.m in Sources */,
			);
			runOnlyForDeploymentPostprocessing = 0;
		};
/* End PBXSourcesBuildPhase section */

/* Begin PBXTargetDependency section */
		DF5F6BDD1A17ED8B006E5CA6 /* PBXTargetDependency */ = {
			isa = PBXTargetDependency;
			target = DF5F6BC11A17ED8B006E5CA6 /* FoodPoint */;
			targetProxy = DF5F6BDC1A17ED8B006E5CA6 /* PBXContainerItemProxy */;
		};
/* End PBXTargetDependency section */

/* Begin PBXVariantGroup section */
		DF5F6BCF1A17ED8B006E5CA6 /* Main.storyboard */ = {
			isa = PBXVariantGroup;
			children = (
				DF5F6BD01A17ED8B006E5CA6 /* Base */,
			);
			name = Main.storyboard;
			sourceTree = "<group>";
		};
		DF5F6BD41A17ED8B006E5CA6 /* LaunchScreen.xib */ = {
			isa = PBXVariantGroup;
			children = (
				DF5F6BD51A17ED8B006E5CA6 /* Base */,
			);
			name = LaunchScreen.xib;
			sourceTree = "<group>";
		};
/* End PBXVariantGroup section */

/* Begin XCBuildConfiguration section */
		DF5F6BE31A17ED8B006E5CA6 /* Debug */ = {
			isa = XCBuildConfiguration;
			buildSettings = {
				ALWAYS_SEARCH_USER_PATHS = NO;
				CLANG_CXX_LANGUAGE_STANDARD = "gnu++0x";
				CLANG_CXX_LIBRARY = "libc++";
				CLANG_ENABLE_MODULES = YES;
				CLANG_ENABLE_OBJC_ARC = YES;
				CLANG_WARN_BOOL_CONVERSION = YES;
				CLANG_WARN_CONSTANT_CONVERSION = YES;
				CLANG_WARN_DIRECT_OBJC_ISA_USAGE = YES_ERROR;
				CLANG_WARN_EMPTY_BODY = YES;
				CLANG_WARN_ENUM_CONVERSION = YES;
				CLANG_WARN_INT_CONVERSION = YES;
				CLANG_WARN_OBJC_ROOT_CLASS = YES_ERROR;
				CLANG_WARN_UNREACHABLE_CODE = YES;
				CLANG_WARN__DUPLICATE_METHOD_MATCH = YES;
				"CODE_SIGN_IDENTITY[sdk=iphoneos*]" = "iPhone Developer";
				COPY_PHASE_STRIP = NO;
				ENABLE_STRICT_OBJC_MSGSEND = YES;
				GCC_C_LANGUAGE_STANDARD = gnu99;
				GCC_DYNAMIC_NO_PIC = NO;
				GCC_OPTIMIZATION_LEVEL = 0;
				GCC_PREPROCESSOR_DEFINITIONS = (
					"DEBUG=1",
					"$(inherited)",
				);
				GCC_SYMBOLS_PRIVATE_EXTERN = NO;
				GCC_WARN_64_TO_32_BIT_CONVERSION = YES;
				GCC_WARN_ABOUT_RETURN_TYPE = YES_ERROR;
				GCC_WARN_UNDECLARED_SELECTOR = YES;
				GCC_WARN_UNINITIALIZED_AUTOS = YES_AGGRESSIVE;
				GCC_WARN_UNUSED_FUNCTION = YES;
				GCC_WARN_UNUSED_VARIABLE = YES;
				IPHONEOS_DEPLOYMENT_TARGET = 8.0;
				MTL_ENABLE_DEBUG_INFO = YES;
				ONLY_ACTIVE_ARCH = YES;
				SDKROOT = iphoneos;
				TARGETED_DEVICE_FAMILY = "1,2";
			};
			name = Debug;
		};
		DF5F6BE41A17ED8B006E5CA6 /* Release */ = {
			isa = XCBuildConfiguration;
			buildSettings = {
				ALWAYS_SEARCH_USER_PATHS = NO;
				CLANG_CXX_LANGUAGE_STANDARD = "gnu++0x";
				CLANG_CXX_LIBRARY = "libc++";
				CLANG_ENABLE_MODULES = YES;
				CLANG_ENABLE_OBJC_ARC = YES;
				CLANG_WARN_BOOL_CONVERSION = YES;
				CLANG_WARN_CONSTANT_CONVERSION = YES;
				CLANG_WARN_DIRECT_OBJC_ISA_USAGE = YES_ERROR;
				CLANG_WARN_EMPTY_BODY = YES;
				CLANG_WARN_ENUM_CONVERSION = YES;
				CLANG_WARN_INT_CONVERSION = YES;
				CLANG_WARN_OBJC_ROOT_CLASS = YES_ERROR;
				CLANG_WARN_UNREACHABLE_CODE = YES;
				CLANG_WARN__DUPLICATE_METHOD_MATCH = YES;
				"CODE_SIGN_IDENTITY[sdk=iphoneos*]" = "iPhone Developer";
				COPY_PHASE_STRIP = YES;
				ENABLE_NS_ASSERTIONS = NO;
				ENABLE_STRICT_OBJC_MSGSEND = YES;
				GCC_C_LANGUAGE_STANDARD = gnu99;
				GCC_WARN_64_TO_32_BIT_CONVERSION = YES;
				GCC_WARN_ABOUT_RETURN_TYPE = YES_ERROR;
				GCC_WARN_UNDECLARED_SELECTOR = YES;
				GCC_WARN_UNINITIALIZED_AUTOS = YES_AGGRESSIVE;
				GCC_WARN_UNUSED_FUNCTION = YES;
				GCC_WARN_UNUSED_VARIABLE = YES;
				IPHONEOS_DEPLOYMENT_TARGET = 8.0;
				MTL_ENABLE_DEBUG_INFO = NO;
				SDKROOT = iphoneos;
				TARGETED_DEVICE_FAMILY = "1,2";
				VALIDATE_PRODUCT = YES;
			};
			name = Release;
		};
		DF5F6BE61A17ED8B006E5CA6 /* Debug */ = {
			isa = XCBuildConfiguration;
			buildSettings = {
				ASSETCATALOG_COMPILER_APPICON_NAME = AppIcon;
				CODE_SIGN_IDENTITY = "iPhone Developer: Brian Wang (WFG337ZWR6)";
				INFOPLIST_FILE = FoodPoint/Info.plist;
				LD_RUNPATH_SEARCH_PATHS = "$(inherited) @executable_path/Frameworks";
				PRODUCT_NAME = "$(TARGET_NAME)";
			};
			name = Debug;
		};
		DF5F6BE71A17ED8B006E5CA6 /* Release */ = {
			isa = XCBuildConfiguration;
			buildSettings = {
				ASSETCATALOG_COMPILER_APPICON_NAME = AppIcon;
				CODE_SIGN_IDENTITY = "iPhone Developer: Brian Wang (WFG337ZWR6)";
				INFOPLIST_FILE = FoodPoint/Info.plist;
				LD_RUNPATH_SEARCH_PATHS = "$(inherited) @executable_path/Frameworks";
				PRODUCT_NAME = "$(TARGET_NAME)";
			};
			name = Release;
		};
		DF5F6BE91A17ED8B006E5CA6 /* Debug */ = {
			isa = XCBuildConfiguration;
			buildSettings = {
				BUNDLE_LOADER = "$(TEST_HOST)";
				FRAMEWORK_SEARCH_PATHS = (
					"$(SDKROOT)/Developer/Library/Frameworks",
					"$(inherited)",
				);
				GCC_PREPROCESSOR_DEFINITIONS = (
					"DEBUG=1",
					"$(inherited)",
				);
				INFOPLIST_FILE = FoodPointTests/Info.plist;
				LD_RUNPATH_SEARCH_PATHS = "$(inherited) @executable_path/Frameworks @loader_path/Frameworks";
				PRODUCT_NAME = "$(TARGET_NAME)";
				TEST_HOST = "$(BUILT_PRODUCTS_DIR)/FoodPoint.app/FoodPoint";
			};
			name = Debug;
		};
		DF5F6BEA1A17ED8B006E5CA6 /* Release */ = {
			isa = XCBuildConfiguration;
			buildSettings = {
				BUNDLE_LOADER = "$(TEST_HOST)";
				FRAMEWORK_SEARCH_PATHS = (
					"$(SDKROOT)/Developer/Library/Frameworks",
					"$(inherited)",
				);
				INFOPLIST_FILE = FoodPointTests/Info.plist;
				LD_RUNPATH_SEARCH_PATHS = "$(inherited) @executable_path/Frameworks @loader_path/Frameworks";
				PRODUCT_NAME = "$(TARGET_NAME)";
				TEST_HOST = "$(BUILT_PRODUCTS_DIR)/FoodPoint.app/FoodPoint";
			};
			name = Release;
		};
/* End XCBuildConfiguration section */

/* Begin XCConfigurationList section */
		DF5F6BBD1A17ED8B006E5CA6 /* Build configuration list for PBXProject "FoodPoint" */ = {
			isa = XCConfigurationList;
			buildConfigurations = (
				DF5F6BE31A17ED8B006E5CA6 /* Debug */,
				DF5F6BE41A17ED8B006E5CA6 /* Release */,
			);
			defaultConfigurationIsVisible = 0;
			defaultConfigurationName = Release;
		};
		DF5F6BE51A17ED8B006E5CA6 /* Build configuration list for PBXNativeTarget "FoodPoint" */ = {
			isa = XCConfigurationList;
			buildConfigurations = (
				DF5F6BE61A17ED8B006E5CA6 /* Debug */,
				DF5F6BE71A17ED8B006E5CA6 /* Release */,
			);
			defaultConfigurationIsVisible = 0;
		};
		DF5F6BE81A17ED8B006E5CA6 /* Build configuration list for PBXNativeTarget "FoodPointTests" */ = {
			isa = XCConfigurationList;
			buildConfigurations = (
				DF5F6BE91A17ED8B006E5CA6 /* Debug */,
				DF5F6BEA1A17ED8B006E5CA6 /* Release */,
			);
			defaultConfigurationIsVisible = 0;
		};
/* End XCConfigurationList section */
	};
	rootObject = DF5F6BBA1A17ED8B006E5CA6 /* Project object */;
}
